
Microsoft Visual Studio Solution File, Format Version 12.00
# Visual Studio Version 17
VisualStudioVersion = 17.6.33815.320
MinimumVisualStudioVersion = 10.0.40219.1
Project("{FAE04EC0-301F-11D3-BF4B-00C04F79EFBC}") = "Person", "Person\Person.csproj", "{5826DA53-5351-449C-B14D-10D9705A50FB}"
EndProject
Global
	GlobalSection(SolutionConfigurationPlatforms) = preSolution
		Debug|Any CPU = Debug|Any CPU
		Release|Any CPU = Release|Any CPU
	EndGlobalSection
	GlobalSection(ProjectConfigurationPlatforms) = postSolution
		{5826DA53-5351-449C-B14D-10D9705A50FB}.Debug|Any CPU.ActiveCfg = Debug|Any CPU
		{5826DA53-5351-449C-B14D-10D9705A50FB}.Debug|Any CPU.Build.0 = Debug|Any CPU
		{5826DA53-5351-449C-B14D-10D9705A50FB}.Release|Any CPU.ActiveCfg = Release|Any CPU
		{5826DA53-5351-449C-B14D-10D9705A50FB}.Release|Any CPU.Build.0 = Release|Any CPU
	EndGlobalSection
	GlobalSection(SolutionProperties) = preSolution
		HideSolutionNode = FALSE
	EndGlobalSection
	GlobalSection(ExtensibilityGlobals) = postSolution
		SolutionGuid = {88EEF609-030C-40FA-9195-69064E4209D2}
	EndGlobalSection
EndGlobal
