
Microsoft Visual Studio Solution File, Format Version 12.00
# Visual Studio Version 17
VisualStudioVersion = 17.6.33815.320
MinimumVisualStudioVersion = 10.0.40219.1
Project("{FAE04EC0-301F-11D3-BF4B-00C04F79EFBC}") = "Student", "Student\Student.csproj", "{33D5B6CB-B80F-4DE0-98EF-19062BE6528F}"
EndProject
Global
	GlobalSection(SolutionConfigurationPlatforms) = preSolution
		Debug|Any CPU = Debug|Any CPU
		Release|Any CPU = Release|Any CPU
	EndGlobalSection
	GlobalSection(ProjectConfigurationPlatforms) = postSolution
		{33D5B6CB-B80F-4DE0-98EF-19062BE6528F}.Debug|Any CPU.ActiveCfg = Debug|Any CPU
		{33D5B6CB-B80F-4DE0-98EF-19062BE6528F}.Debug|Any CPU.Build.0 = Debug|Any CPU
		{33D5B6CB-B80F-4DE0-98EF-19062BE6528F}.Release|Any CPU.ActiveCfg = Release|Any CPU
		{33D5B6CB-B80F-4DE0-98EF-19062BE6528F}.Release|Any CPU.Build.0 = Release|Any CPU
	EndGlobalSection
	GlobalSection(SolutionProperties) = preSolution
		HideSolutionNode = FALSE
	EndGlobalSection
	GlobalSection(ExtensibilityGlobals) = postSolution
		SolutionGuid = {FF10BBA7-16F2-4844-ACB5-21569FDF3E1B}
	EndGlobalSection
EndGlobal
